
Microsoft Visual Studio Solution File, Format Version 12.00
# Visual Studio Version 17
VisualStudioVersion = 17.4.33213.308
MinimumVisualStudioVersion = 10.0.40219.1
Project("{FAE04EC0-301F-11D3-BF4B-00C04F79EFBC}") = "RockPaperScissorsGame", "RockPaperScissorsGame.csproj", "{E6C03173-F07B-4E51-89D9-E375C3EE6078}"
EndProject
Global
	GlobalSection(SolutionConfigurationPlatforms) = preSolution
		Debug|Any CPU = Debug|Any CPU
		Release|Any CPU = Release|Any CPU
	EndGlobalSection
	GlobalSection(ProjectConfigurationPlatforms) = postSolution
		{E6C03173-F07B-4E51-89D9-E375C3EE6078}.Debug|Any CPU.ActiveCfg = Debug|Any CPU
		{E6C03173-F07B-4E51-89D9-E375C3EE6078}.Debug|Any CPU.Build.0 = Debug|Any CPU
		{E6C03173-F07B-4E51-89D9-E375C3EE6078}.Release|Any CPU.ActiveCfg = Release|Any CPU
		{E6C03173-F07B-4E51-89D9-E375C3EE6078}.Release|Any CPU.Build.0 = Release|Any CPU
	EndGlobalSection
	GlobalSection(SolutionProperties) = preSolution
		HideSolutionNode = FALSE
	EndGlobalSection
	GlobalSection(ExtensibilityGlobals) = postSolution
		SolutionGuid = {358A6CAF-C7BE-4ECA-944F-CCAA5328C73A}
	EndGlobalSection
EndGlobal
